
Microsoft Visual Studio Solution File, Format Version 12.00
# Visual Studio Version 17
VisualStudioVersion = 17.0.31903.59
MinimumVisualStudioVersion = 10.0.40219.1
Project("{FAE04EC0-301F-11D3-BF4B-00C04F79EFBC}") = "Tech.Market.API", "Tech.Market.API\Tech.Market.API.csproj", "{6666D416-30E4-42C1-8454-F9398F997A15}"
EndProject
Global
	GlobalSection(SolutionConfigurationPlatforms) = preSolution
		Debug|Any CPU = Debug|Any CPU
		Release|Any CPU = Release|Any CPU
	EndGlobalSection
	GlobalSection(ProjectConfigurationPlatforms) = postSolution
		{6666D416-30E4-42C1-8454-F9398F997A15}.Debug|Any CPU.ActiveCfg = Debug|Any CPU
		{6666D416-30E4-42C1-8454-F9398F997A15}.Debug|Any CPU.Build.0 = Debug|Any CPU
		{6666D416-30E4-42C1-8454-F9398F997A15}.Release|Any CPU.ActiveCfg = Release|Any CPU
		{6666D416-30E4-42C1-8454-F9398F997A15}.Release|Any CPU.Build.0 = Release|Any CPU
	EndGlobalSection
	GlobalSection(SolutionProperties) = preSolution
		HideSolutionNode = FALSE
	EndGlobalSection
	GlobalSection(ExtensibilityGlobals) = postSolution
		SolutionGuid = {D5BA5435-8EA0-4811-B513-DF038D9ED1C5}
	EndGlobalSection
EndGlobal
